
Microsoft Visual Studio Solution File, Format Version 12.00
# Visual Studio Version 17
VisualStudioVersion = 17.11.35312.102
MinimumVisualStudioVersion = 10.0.40219.1
Project("{FAE04EC0-301F-11D3-BF4B-00C04F79EFBC}") = "ConsoleDeAnimaisPOO", "ConsoleDeAnimaisPOO\ConsoleDeAnimaisPOO.csproj", "{3DA7D0BB-D3F1-41D7-B4E5-024074328FB9}"
EndProject
Global
	GlobalSection(SolutionConfigurationPlatforms) = preSolution
		Debug|Any CPU = Debug|Any CPU
		Release|Any CPU = Release|Any CPU
	EndGlobalSection
	GlobalSection(ProjectConfigurationPlatforms) = postSolution
		{3DA7D0BB-D3F1-41D7-B4E5-024074328FB9}.Debug|Any CPU.ActiveCfg = Debug|Any CPU
		{3DA7D0BB-D3F1-41D7-B4E5-024074328FB9}.Debug|Any CPU.Build.0 = Debug|Any CPU
		{3DA7D0BB-D3F1-41D7-B4E5-024074328FB9}.Release|Any CPU.ActiveCfg = Release|Any CPU
		{3DA7D0BB-D3F1-41D7-B4E5-024074328FB9}.Release|Any CPU.Build.0 = Release|Any CPU
	EndGlobalSection
	GlobalSection(SolutionProperties) = preSolution
		HideSolutionNode = FALSE
	EndGlobalSection
	GlobalSection(ExtensibilityGlobals) = postSolution
		SolutionGuid = {B1A288FF-946F-4D3E-B19A-24C3D31269F2}
	EndGlobalSection
EndGlobal
